name: update-flake-lock

on:
  workflow_dispatch: # allows manual triggering
  schedule:
    - cron: '0 0 1 * *' # runs monthly on the 1st day of the month at 00:00

jobs:
  lockfile:
    runs-on: ubuntu-latest
    steps:
      - name: Checkout repository
        uses: actions/checkout@8e8c483db84b4bee98b60c0593521ed34d9990e8 # v6
      - name: Install Determinate Nix
        uses: DeterminateSystems/nix-installer-action@c5a866b6ab867e88becbed4467b93592bce69f8a # v21
        with:
          determinate: false
      - name: Update flake.lock
        uses: DeterminateSystems/update-flake-lock@main
        with:
          pr-title: "Update flake.lock" # Title of PR to be created
          pr-labels: |                  # Labels to be set on the PR
            dependencies
            automated
