name: update-flake-lock

on:
  workflow_dispatch: # allows manual triggering
  schedule:
    - cron: '0 0 1 * *' # runs monthly on the 1st day of the month at 00:00

jobs:
  lockfile:
    runs-on: ubuntu-latest
    steps:
      - name: Checkout repository
        uses: actions/checkout@93cb6efe18208431cddfb8368fd83d5badbf9bfd # v5
      - name: Install Determinate Nix
        uses: DeterminateSystems/nix-installer-action@786fff0690178f1234e4e1fe9b536e94f5433196 # v20
        with:
          determinate: false
      - name: Update flake.lock
        uses: DeterminateSystems/update-flake-lock@main
        with:
          pr-title: "Update flake.lock" # Title of PR to be created
          pr-labels: |                  # Labels to be set on the PR
            dependencies
            automated
